// !$*UTF8*$!
{
	archiveVersion = 1;
	classes = {
	};
	objectVersion = 46;
	objects = {

/* Begin PBXBuildFile section */
		7E8E0E811AA74A06007D492B /* main.m in Sources */ = {isa = PBXBuildFile; fileRef = 7E8E0E801AA74A06007D492B /* main.m */; };
		7E8E0E841AA74A06007D492B /* AppDelegate.m in Sources */ = {isa = PBXBuildFile; fileRef = 7E8E0E831AA74A06007D492B /* AppDelegate.m */; };
		7E8E0E8A1AA74A06007D492B /* Main.storyboard in Resources */ = {isa = PBXBuildFile; fileRef = 7E8E0E881AA74A06007D492B /* Main.storyboard */; };
		7E8E0E8C1AA74A06007D492B /* Images.xcassets in Resources */ = {isa = PBXBuildFile; fileRef = 7E8E0E8B1AA74A06007D492B /* Images.xcassets */; };
		7E8E0E8F1AA74A06007D492B /* LaunchScreen.xib in Resources */ = {isa = PBXBuildFile; fileRef = 7E8E0E8D1AA74A06007D492B /* LaunchScreen.xib */; };
		7E8E0E9B1AA74A06007D492B /* storyboard_01Tests.m in Sources */ = {isa = PBXBuildFile; fileRef = 7E8E0E9A1AA74A06007D492B /* storyboard_01Tests.m */; };
		A30DFFA21ACCF5BA00A44231 /* disqus.html in Resources */ = {isa = PBXBuildFile; fileRef = A30DFFA11ACCF5BA00A44231 /* disqus.html */; };
		A30DFFCF1ACD123D00A44231 /* CustomCell.m in Sources */ = {isa = PBXBuildFile; fileRef = A30DFFAC1ACD123D00A44231 /* CustomCell.m */; };
		A30DFFD01ACD123D00A44231 /* CustomHitTestView.m in Sources */ = {isa = PBXBuildFile; fileRef = A30DFFAE1ACD123D00A44231 /* CustomHitTestView.m */; };
		A30DFFD11ACD123D00A44231 /* DPDynamicProxy.m in Sources */ = {isa = PBXBuildFile; fileRef = A30DFFB11ACD123D00A44231 /* DPDynamicProxy.m */; };
		A30DFFD21ACD123D00A44231 /* DPNormalObject.m in Sources */ = {isa = PBXBuildFile; fileRef = A30DFFB31ACD123D00A44231 /* DPNormalObject.m */; };
		A30DFFD31ACD123D00A44231 /* EmptyViewAction.m in Sources */ = {isa = PBXBuildFile; fileRef = A30DFFB51ACD123D00A44231 /* EmptyViewAction.m */; };
		A30DFFD41ACD123D00A44231 /* HitTestView.m in Sources */ = {isa = PBXBuildFile; fileRef = A30DFFB71ACD123D00A44231 /* HitTestView.m */; };
		A30DFFD51ACD123D00A44231 /* HitTestViewController.m in Sources */ = {isa = PBXBuildFile; fileRef = A30DFFB91ACD123D00A44231 /* HitTestViewController.m */; };
		A30DFFD61ACD123D00A44231 /* MessageInterceptor.m in Sources */ = {isa = PBXBuildFile; fileRef = A30DFFBB1ACD123D00A44231 /* MessageInterceptor.m */; };
		A30DFFD71ACD123D00A44231 /* NSArray+ForwardingIteration.m in Sources */ = {isa = PBXBuildFile; fileRef = A30DFFBD1ACD123D00A44231 /* NSArray+ForwardingIteration.m */; };
		A30DFFD81ACD123D00A44231 /* PopTableViewController.m in Sources */ = {isa = PBXBuildFile; fileRef = A30DFFBF1ACD123D00A44231 /* PopTableViewController.m */; };
		A30DFFD91ACD123D00A44231 /* RoundButton.m in Sources */ = {isa = PBXBuildFile; fileRef = A30DFFC21ACD123D00A44231 /* RoundButton.m */; };
		A30DFFDA1ACD123D00A44231 /* SecondViewController.m in Sources */ = {isa = PBXBuildFile; fileRef = A30DFFC41ACD123D00A44231 /* SecondViewController.m */; };
		A30DFFDB1ACD123D00A44231 /* TabBarController.m in Sources */ = {isa = PBXBuildFile; fileRef = A30DFFC61ACD123D00A44231 /* TabBarController.m */; };
		A30DFFDC1ACD123D00A44231 /* TabBarViewController.m in Sources */ = {isa = PBXBuildFile; fileRef = A30DFFC81ACD123D00A44231 /* TabBarViewController.m */; };
		A30DFFDD1ACD123D00A44231 /* TestHitView.m in Sources */ = {isa = PBXBuildFile; fileRef = A30DFFCA1ACD123D00A44231 /* TestHitView.m */; };
		A30DFFDE1ACD123D00A44231 /* UIViewController+Logging.m in Sources */ = {isa = PBXBuildFile; fileRef = A30DFFCC1ACD123D00A44231 /* UIViewController+Logging.m */; };
		A30DFFDF1ACD123D00A44231 /* ViewController.m in Sources */ = {isa = PBXBuildFile; fileRef = A30DFFCE1ACD123D00A44231 /* ViewController.m */; };
		A30DFFE21ACD124C00A44231 /* DownLoadViewController.m in Sources */ = {isa = PBXBuildFile; fileRef = A30DFFE11ACD124C00A44231 /* DownLoadViewController.m */; };
		A30DFFE51ACD175200A44231 /* LLFileDownLoader.m in Sources */ = {isa = PBXBuildFile; fileRef = A30DFFE41ACD175200A44231 /* LLFileDownLoader.m */; };
		A30DFFE81ACD17F400A44231 /* LLFileSingleDownloader.m in Sources */ = {isa = PBXBuildFile; fileRef = A30DFFE71ACD17F400A44231 /* LLFileSingleDownloader.m */; };
		A30DFFEB1ACD1B1900A44231 /* LLMultiDownloader.m in Sources */ = {isa = PBXBuildFile; fileRef = A30DFFEA1ACD1B1900A44231 /* LLMultiDownloader.m */; };
		A336AF581AC93ED5002C08D0 /* podfile in Resources */ = {isa = PBXBuildFile; fileRef = A336AF571AC93ED5002C08D0 /* podfile */; };
		A37496B31ACBEDED00BDA6AA /* share.html in Resources */ = {isa = PBXBuildFile; fileRef = A37496B21ACBEDED00BDA6AA /* share.html */; };
		A37496B51ACBF59A00BDA6AA /* _config.yml in Resources */ = {isa = PBXBuildFile; fileRef = A37496B41ACBF59A00BDA6AA /* _config.yml */; };
		A37496B71ACBF78F00BDA6AA /* style.css in Resources */ = {isa = PBXBuildFile; fileRef = A37496B61ACBF78F00BDA6AA /* style.css */; };
/* End PBXBuildFile section */

/* Begin PBXContainerItemProxy section */
		7E8E0E951AA74A06007D492B /* PBXContainerItemProxy */ = {
			isa = PBXContainerItemProxy;
			containerPortal = 7E8E0E731AA74A06007D492B /* Project object */;
			proxyType = 1;
			remoteGlobalIDString = 7E8E0E7A1AA74A06007D492B;
			remoteInfo = "storyboard-01";
		};
/* End PBXContainerItemProxy section */

/* Begin PBXFileReference section */
		7E8E0E7B1AA74A06007D492B /* storyboard-01.app */ = {isa = PBXFileReference; explicitFileType = wrapper.application; includeInIndex = 0; path = "storyboard-01.app"; sourceTree = BUILT_PRODUCTS_DIR; };
		7E8E0E7F1AA74A06007D492B /* Info.plist */ = {isa = PBXFileReference; lastKnownFileType = text.plist.xml; path = Info.plist; sourceTree = "<group>"; };
		7E8E0E801AA74A06007D492B /* main.m */ = {isa = PBXFileReference; lastKnownFileType = sourcecode.c.objc; path = main.m; sourceTree = "<group>"; };
		7E8E0E821AA74A06007D492B /* AppDelegate.h */ = {isa = PBXFileReference; lastKnownFileType = sourcecode.c.h; path = AppDelegate.h; sourceTree = "<group>"; };
		7E8E0E831AA74A06007D492B /* AppDelegate.m */ = {isa = PBXFileReference; lastKnownFileType = sourcecode.c.objc; path = AppDelegate.m; sourceTree = "<group>"; };
		7E8E0E891AA74A06007D492B /* Base */ = {isa = PBXFileReference; lastKnownFileType = file.storyboard; name = Base; path = Base.lproj/Main.storyboard; sourceTree = "<group>"; };
		7E8E0E8B1AA74A06007D492B /* Images.xcassets */ = {isa = PBXFileReference; lastKnownFileType = folder.assetcatalog; path = Images.xcassets; sourceTree = "<group>"; };
		7E8E0E8E1AA74A06007D492B /* Base */ = {isa = PBXFileReference; lastKnownFileType = file.xib; name = Base; path = Base.lproj/LaunchScreen.xib; sourceTree = "<group>"; };
		7E8E0E941AA74A06007D492B /* storyboard-01Tests.xctest */ = {isa = PBXFileReference; explicitFileType = wrapper.cfbundle; includeInIndex = 0; path = "storyboard-01Tests.xctest"; sourceTree = BUILT_PRODUCTS_DIR; };
		7E8E0E991AA74A06007D492B /* Info.plist */ = {isa = PBXFileReference; lastKnownFileType = text.plist.xml; path = Info.plist; sourceTree = "<group>"; };
		7E8E0E9A1AA74A06007D492B /* storyboard_01Tests.m */ = {isa = PBXFileReference; lastKnownFileType = sourcecode.c.objc; path = storyboard_01Tests.m; sourceTree = "<group>"; };
		A30DFFA11ACCF5BA00A44231 /* disqus.html */ = {isa = PBXFileReference; fileEncoding = 4; lastKnownFileType = text.html; name = disqus.html; path = ../../../../blog/blog_/Lance201314.github.io/_includes/disqus.html; sourceTree = "<group>"; };
		A30DFFAB1ACD123D00A44231 /* CustomCell.h */ = {isa = PBXFileReference; fileEncoding = 4; lastKnownFileType = sourcecode.c.h; path = CustomCell.h; sourceTree = "<group>"; };
		A30DFFAC1ACD123D00A44231 /* CustomCell.m */ = {isa = PBXFileReference; fileEncoding = 4; lastKnownFileType = sourcecode.c.objc; path = CustomCell.m; sourceTree = "<group>"; };
		A30DFFAD1ACD123D00A44231 /* CustomHitTestView.h */ = {isa = PBXFileReference; fileEncoding = 4; lastKnownFileType = sourcecode.c.h; path = CustomHitTestView.h; sourceTree = "<group>"; };
		A30DFFAE1ACD123D00A44231 /* CustomHitTestView.m */ = {isa = PBXFileReference; fileEncoding = 4; lastKnownFileType = sourcecode.c.objc; path = CustomHitTestView.m; sourceTree = "<group>"; };
		A30DFFAF1ACD123D00A44231 /* DPDynamicProtocol.h */ = {isa = PBXFileReference; fileEncoding = 4; lastKnownFileType = sourcecode.c.h; path = DPDynamicProtocol.h; sourceTree = "<group>"; };
		A30DFFB01ACD123D00A44231 /* DPDynamicProxy.h */ = {isa = PBXFileReference; fileEncoding = 4; lastKnownFileType = sourcecode.c.h; path = DPDynamicProxy.h; sourceTree = "<group>"; };
		A30DFFB11ACD123D00A44231 /* DPDynamicProxy.m */ = {isa = PBXFileReference; fileEncoding = 4; lastKnownFileType = sourcecode.c.objc; path = DPDynamicProxy.m; sourceTree = "<group>"; };
		A30DFFB21ACD123D00A44231 /* DPNormalObject.h */ = {isa = PBXFileReference; fileEncoding = 4; lastKnownFileType = sourcecode.c.h; path = DPNormalObject.h; sourceTree = "<group>"; };
		A30DFFB31ACD123D00A44231 /* DPNormalObject.m */ = {isa = PBXFileReference; fileEncoding = 4; lastKnownFileType = sourcecode.c.objc; path = DPNormalObject.m; sourceTree = "<group>"; };
		A30DFFB41ACD123D00A44231 /* EmptyViewAction.h */ = {isa = PBXFileReference; fileEncoding = 4; lastKnownFileType = sourcecode.c.h; path = EmptyViewAction.h; sourceTree = "<group>"; };
		A30DFFB51ACD123D00A44231 /* EmptyViewAction.m */ = {isa = PBXFileReference; fileEncoding = 4; lastKnownFileType = sourcecode.c.objc; path = EmptyViewAction.m; sourceTree = "<group>"; };
		A30DFFB61ACD123D00A44231 /* HitTestView.h */ = {isa = PBXFileReference; fileEncoding = 4; lastKnownFileType = sourcecode.c.h; path = HitTestView.h; sourceTree = "<group>"; };
		A30DFFB71ACD123D00A44231 /* HitTestView.m */ = {isa = PBXFileReference; fileEncoding = 4; lastKnownFileType = sourcecode.c.objc; path = HitTestView.m; sourceTree = "<group>"; };
		A30DFFB81ACD123D00A44231 /* HitTestViewController.h */ = {isa = PBXFileReference; fileEncoding = 4; lastKnownFileType = sourcecode.c.h; path = HitTestViewController.h; sourceTree = "<group>"; };
		A30DFFB91ACD123D00A44231 /* HitTestViewController.m */ = {isa = PBXFileReference; fileEncoding = 4; lastKnownFileType = sourcecode.c.objc; path = HitTestViewController.m; sourceTree = "<group>"; };
		A30DFFBA1ACD123D00A44231 /* MessageInterceptor.h */ = {isa = PBXFileReference; fileEncoding = 4; lastKnownFileType = sourcecode.c.h; path = MessageInterceptor.h; sourceTree = "<group>"; };
		A30DFFBB1ACD123D00A44231 /* MessageInterceptor.m */ = {isa = PBXFileReference; fileEncoding = 4; lastKnownFileType = sourcecode.c.objc; path = MessageInterceptor.m; sourceTree = "<group>"; };
		A30DFFBC1ACD123D00A44231 /* NSArray+ForwardingIteration.h */ = {isa = PBXFileReference; fileEncoding = 4; lastKnownFileType = sourcecode.c.h; path = "NSArray+ForwardingIteration.h"; sourceTree = "<group>"; };
		A30DFFBD1ACD123D00A44231 /* NSArray+ForwardingIteration.m */ = {isa = PBXFileReference; fileEncoding = 4; lastKnownFileType = sourcecode.c.objc; path = "NSArray+ForwardingIteration.m"; sourceTree = "<group>"; };
		A30DFFBE1ACD123D00A44231 /* PopTableViewController.h */ = {isa = PBXFileReference; fileEncoding = 4; lastKnownFileType = sourcecode.c.h; path = PopTableViewController.h; sourceTree = "<group>"; };
		A30DFFBF1ACD123D00A44231 /* PopTableViewController.m */ = {isa = PBXFileReference; fileEncoding = 4; lastKnownFileType = sourcecode.c.objc; path = PopTableViewController.m; sourceTree = "<group>"; };
		A30DFFC11ACD123D00A44231 /* RoundButton.h */ = {isa = PBXFileReference; fileEncoding = 4; lastKnownFileType = sourcecode.c.h; path = RoundButton.h; sourceTree = "<group>"; };
		A30DFFC21ACD123D00A44231 /* RoundButton.m */ = {isa = PBXFileReference; fileEncoding = 4; lastKnownFileType = sourcecode.c.objc; path = RoundButton.m; sourceTree = "<group>"; };
		A30DFFC31ACD123D00A44231 /* SecondViewController.h */ = {isa = PBXFileReference; fileEncoding = 4; lastKnownFileType = sourcecode.c.h; path = SecondViewController.h; sourceTree = "<group>"; };
		A30DFFC41ACD123D00A44231 /* SecondViewController.m */ = {isa = PBXFileReference; fileEncoding = 4; lastKnownFileType = sourcecode.c.objc; path = SecondViewController.m; sourceTree = "<group>"; };
		A30DFFC51ACD123D00A44231 /* TabBarController.h */ = {isa = PBXFileReference; fileEncoding = 4; lastKnownFileType = sourcecode.c.h; path = TabBarController.h; sourceTree = "<group>"; };
		A30DFFC61ACD123D00A44231 /* TabBarController.m */ = {isa = PBXFileReference; fileEncoding = 4; lastKnownFileType = sourcecode.c.objc; path = TabBarController.m; sourceTree = "<group>"; };
		A30DFFC71ACD123D00A44231 /* TabBarViewController.h */ = {isa = PBXFileReference; fileEncoding = 4; lastKnownFileType = sourcecode.c.h; path = TabBarViewController.h; sourceTree = "<group>"; };
		A30DFFC81ACD123D00A44231 /* TabBarViewController.m */ = {isa = PBXFileReference; fileEncoding = 4; lastKnownFileType = sourcecode.c.objc; path = TabBarViewController.m; sourceTree = "<group>"; };
		A30DFFC91ACD123D00A44231 /* TestHitView.h */ = {isa = PBXFileReference; fileEncoding = 4; lastKnownFileType = sourcecode.c.h; path = TestHitView.h; sourceTree = "<group>"; };
		A30DFFCA1ACD123D00A44231 /* TestHitView.m */ = {isa = PBXFileReference; fileEncoding = 4; lastKnownFileType = sourcecode.c.objc; path = TestHitView.m; sourceTree = "<group>"; };
		A30DFFCB1ACD123D00A44231 /* UIViewController+Logging.h */ = {isa = PBXFileReference; fileEncoding = 4; lastKnownFileType = sourcecode.c.h; path = "UIViewController+Logging.h"; sourceTree = "<group>"; };
		A30DFFCC1ACD123D00A44231 /* UIViewController+Logging.m */ = {isa = PBXFileReference; fileEncoding = 4; lastKnownFileType = sourcecode.c.objc; path = "UIViewController+Logging.m"; sourceTree = "<group>"; };
		A30DFFCD1ACD123D00A44231 /* ViewController.h */ = {isa = PBXFileReference; fileEncoding = 4; lastKnownFileType = sourcecode.c.h; path = ViewController.h; sourceTree = "<group>"; };
		A30DFFCE1ACD123D00A44231 /* ViewController.m */ = {isa = PBXFileReference; fileEncoding = 4; lastKnownFileType = sourcecode.c.objc; path = ViewController.m; sourceTree = "<group>"; };
		A30DFFE01ACD124C00A44231 /* DownLoadViewController.h */ = {isa = PBXFileReference; fileEncoding = 4; lastKnownFileType = sourcecode.c.h; path = DownLoadViewController.h; sourceTree = "<group>"; };
		A30DFFE11ACD124C00A44231 /* DownLoadViewController.m */ = {isa = PBXFileReference; fileEncoding = 4; lastKnownFileType = sourcecode.c.objc; path = DownLoadViewController.m; sourceTree = "<group>"; };
		A30DFFE31ACD175200A44231 /* LLFileDownLoader.h */ = {isa = PBXFileReference; fileEncoding = 4; lastKnownFileType = sourcecode.c.h; path = LLFileDownLoader.h; sourceTree = "<group>"; };
		A30DFFE41ACD175200A44231 /* LLFileDownLoader.m */ = {isa = PBXFileReference; fileEncoding = 4; lastKnownFileType = sourcecode.c.objc; path = LLFileDownLoader.m; sourceTree = "<group>"; };
		A30DFFE61ACD17F400A44231 /* LLFileSingleDownloader.h */ = {isa = PBXFileReference; fileEncoding = 4; lastKnownFileType = sourcecode.c.h; path = LLFileSingleDownloader.h; sourceTree = "<group>"; };
		A30DFFE71ACD17F400A44231 /* LLFileSingleDownloader.m */ = {isa = PBXFileReference; fileEncoding = 4; lastKnownFileType = sourcecode.c.objc; path = LLFileSingleDownloader.m; sourceTree = "<group>"; };
		A30DFFE91ACD1B1900A44231 /* LLMultiDownloader.h */ = {isa = PBXFileReference; fileEncoding = 4; lastKnownFileType = sourcecode.c.h; path = LLMultiDownloader.h; sourceTree = "<group>"; };
		A30DFFEA1ACD1B1900A44231 /* LLMultiDownloader.m */ = {isa = PBXFileReference; fileEncoding = 4; lastKnownFileType = sourcecode.c.objc; path = LLMultiDownloader.m; sourceTree = "<group>"; };
		A30DFFEC1ACD1F7A00A44231 /* PrefixHeader.pch */ = {isa = PBXFileReference; fileEncoding = 4; lastKnownFileType = sourcecode.c.h; path = PrefixHeader.pch; sourceTree = "<group>"; };
		A336AF571AC93ED5002C08D0 /* podfile */ = {isa = PBXFileReference; fileEncoding = 4; lastKnownFileType = text; path = podfile; sourceTree = "<group>"; };
		A37496B21ACBEDED00BDA6AA /* share.html */ = {isa = PBXFileReference; fileEncoding = 4; lastKnownFileType = text.html; name = share.html; path = ../../../../blog/blog_/Lance201314.github.io/_includes/share.html; sourceTree = "<group>"; };
		A37496B41ACBF59A00BDA6AA /* _config.yml */ = {isa = PBXFileReference; fileEncoding = 4; lastKnownFileType = text; name = _config.yml; path = ../../../../blog/blog_/Lance201314.github.io/_config.yml; sourceTree = "<group>"; };
		A37496B61ACBF78F00BDA6AA /* style.css */ = {isa = PBXFileReference; fileEncoding = 4; lastKnownFileType = text.css; name = style.css; path = ../../../../blog/blog_/Lance201314.github.io/assets/css/style.css; sourceTree = "<group>"; };
/* End PBXFileReference section */

/* Begin PBXFrameworksBuildPhase section */
		7E8E0E781AA74A06007D492B /* Frameworks */ = {
			isa = PBXFrameworksBuildPhase;
			buildActionMask = 2147483647;
			files = (
			);
			runOnlyForDeploymentPostprocessing = 0;
		};
		7E8E0E911AA74A06007D492B /* Frameworks */ = {
			isa = PBXFrameworksBuildPhase;
			buildActionMask = 2147483647;
			files = (
			);
			runOnlyForDeploymentPostprocessing = 0;
		};
/* End PBXFrameworksBuildPhase section */

/* Begin PBXGroup section */
		7E8E0E721AA74A06007D492B = {
			isa = PBXGroup;
			children = (
				A336AF571AC93ED5002C08D0 /* podfile */,
				7E8E0E7D1AA74A06007D492B /* storyboard-01 */,
				7E8E0E971AA74A06007D492B /* storyboard-01Tests */,
				7E8E0E7C1AA74A06007D492B /* Products */,
			);
			sourceTree = "<group>";
		};
		7E8E0E7C1AA74A06007D492B /* Products */ = {
			isa = PBXGroup;
			children = (
				7E8E0E7B1AA74A06007D492B /* storyboard-01.app */,
				7E8E0E941AA74A06007D492B /* storyboard-01Tests.xctest */,
			);
			name = Products;
			sourceTree = "<group>";
		};
		7E8E0E7D1AA74A06007D492B /* storyboard-01 */ = {
			isa = PBXGroup;
			children = (
				7E8E0E821AA74A06007D492B /* AppDelegate.h */,
				7E8E0E831AA74A06007D492B /* AppDelegate.m */,
				A30DFFA91ACD11CD00A44231 /* aop */,
				A30DFFAA1ACD11CD00A44231 /* operation */,
				A37496B41ACBF59A00BDA6AA /* _config.yml */,
				A37496B61ACBF78F00BDA6AA /* style.css */,
				A30DFFA11ACCF5BA00A44231 /* disqus.html */,
				A37496B21ACBEDED00BDA6AA /* share.html */,
				7E8E0E881AA74A06007D492B /* Main.storyboard */,
				7E8E0E8B1AA74A06007D492B /* Images.xcassets */,
				7E8E0E8D1AA74A06007D492B /* LaunchScreen.xib */,
				7E8E0E7E1AA74A06007D492B /* Supporting Files */,
			);
			path = "storyboard-01";
			sourceTree = "<group>";
		};
		7E8E0E7E1AA74A06007D492B /* Supporting Files */ = {
			isa = PBXGroup;
			children = (
				A30DFFEC1ACD1F7A00A44231 /* PrefixHeader.pch */,
				7E8E0E7F1AA74A06007D492B /* Info.plist */,
				7E8E0E801AA74A06007D492B /* main.m */,
			);
			name = "Supporting Files";
			sourceTree = "<group>";
		};
		7E8E0E971AA74A06007D492B /* storyboard-01Tests */ = {
			isa = PBXGroup;
			children = (
				7E8E0E9A1AA74A06007D492B /* storyboard_01Tests.m */,
				7E8E0E981AA74A06007D492B /* Supporting Files */,
			);
			path = "storyboard-01Tests";
			sourceTree = "<group>";
		};
		7E8E0E981AA74A06007D492B /* Supporting Files */ = {
			isa = PBXGroup;
			children = (
				7E8E0E991AA74A06007D492B /* Info.plist */,
			);
			name = "Supporting Files";
			sourceTree = "<group>";
		};
		A30DFFA91ACD11CD00A44231 /* aop */ = {
			isa = PBXGroup;
			children = (
				A30DFFAB1ACD123D00A44231 /* CustomCell.h */,
				A30DFFAC1ACD123D00A44231 /* CustomCell.m */,
				A30DFFAD1ACD123D00A44231 /* CustomHitTestView.h */,
				A30DFFAE1ACD123D00A44231 /* CustomHitTestView.m */,
				A30DFFAF1ACD123D00A44231 /* DPDynamicProtocol.h */,
				A30DFFB01ACD123D00A44231 /* DPDynamicProxy.h */,
				A30DFFB11ACD123D00A44231 /* DPDynamicProxy.m */,
				A30DFFB21ACD123D00A44231 /* DPNormalObject.h */,
				A30DFFB31ACD123D00A44231 /* DPNormalObject.m */,
				A30DFFB41ACD123D00A44231 /* EmptyViewAction.h */,
				A30DFFB51ACD123D00A44231 /* EmptyViewAction.m */,
				A30DFFB61ACD123D00A44231 /* HitTestView.h */,
				A30DFFB71ACD123D00A44231 /* HitTestView.m */,
				A30DFFB81ACD123D00A44231 /* HitTestViewController.h */,
				A30DFFB91ACD123D00A44231 /* HitTestViewController.m */,
				A30DFFBA1ACD123D00A44231 /* MessageInterceptor.h */,
				A30DFFBB1ACD123D00A44231 /* MessageInterceptor.m */,
				A30DFFBC1ACD123D00A44231 /* NSArray+ForwardingIteration.h */,
				A30DFFBD1ACD123D00A44231 /* NSArray+ForwardingIteration.m */,
				A30DFFBE1ACD123D00A44231 /* PopTableViewController.h */,
				A30DFFBF1ACD123D00A44231 /* PopTableViewController.m */,
				A30DFFC11ACD123D00A44231 /* RoundButton.h */,
				A30DFFC21ACD123D00A44231 /* RoundButton.m */,
				A30DFFC31ACD123D00A44231 /* SecondViewController.h */,
				A30DFFC41ACD123D00A44231 /* SecondViewController.m */,
				A30DFFC51ACD123D00A44231 /* TabBarController.h */,
				A30DFFC61ACD123D00A44231 /* TabBarController.m */,
				A30DFFC71ACD123D00A44231 /* TabBarViewController.h */,
				A30DFFC81ACD123D00A44231 /* TabBarViewController.m */,
				A30DFFC91ACD123D00A44231 /* TestHitView.h */,
				A30DFFCA1ACD123D00A44231 /* TestHitView.m */,
				A30DFFCB1ACD123D00A44231 /* UIViewController+Logging.h */,
				A30DFFCC1ACD123D00A44231 /* UIViewController+Logging.m */,
				A30DFFCD1ACD123D00A44231 /* ViewController.h */,
				A30DFFCE1ACD123D00A44231 /* ViewController.m */,
			);
			path = aop;
			sourceTree = "<group>";
		};
		A30DFFAA1ACD11CD00A44231 /* operation */ = {
			isa = PBXGroup;
			children = (
				A30DFFE01ACD124C00A44231 /* DownLoadViewController.h */,
				A30DFFE11ACD124C00A44231 /* DownLoadViewController.m */,
				A30DFFE31ACD175200A44231 /* LLFileDownLoader.h */,
				A30DFFE41ACD175200A44231 /* LLFileDownLoader.m */,
				A30DFFE61ACD17F400A44231 /* LLFileSingleDownloader.h */,
				A30DFFE71ACD17F400A44231 /* LLFileSingleDownloader.m */,
				A30DFFE91ACD1B1900A44231 /* LLMultiDownloader.h */,
				A30DFFEA1ACD1B1900A44231 /* LLMultiDownloader.m */,
			);
			path = operation;
			sourceTree = "<group>";
		};
/* End PBXGroup section */

/* Begin PBXNativeTarget section */
		7E8E0E7A1AA74A06007D492B /* storyboard-01 */ = {
			isa = PBXNativeTarget;
			buildConfigurationList = 7E8E0E9E1AA74A06007D492B /* Build configuration list for PBXNativeTarget "storyboard-01" */;
			buildPhases = (
				7E8E0E771AA74A06007D492B /* Sources */,
				7E8E0E781AA74A06007D492B /* Frameworks */,
				7E8E0E791AA74A06007D492B /* Resources */,
			);
			buildRules = (
			);
			dependencies = (
			);
			name = "storyboard-01";
			productName = "storyboard-01";
			productReference = 7E8E0E7B1AA74A06007D492B /* storyboard-01.app */;
			productType = "com.apple.product-type.application";
		};
		7E8E0E931AA74A06007D492B /* storyboard-01Tests */ = {
			isa = PBXNativeTarget;
			buildConfigurationList = 7E8E0EA11AA74A06007D492B /* Build configuration list for PBXNativeTarget "storyboard-01Tests" */;
			buildPhases = (
				7E8E0E901AA74A06007D492B /* Sources */,
				7E8E0E911AA74A06007D492B /* Frameworks */,
				7E8E0E921AA74A06007D492B /* Resources */,
			);
			buildRules = (
			);
			dependencies = (
				7E8E0E961AA74A06007D492B /* PBXTargetDependency */,
			);
			name = "storyboard-01Tests";
			productName = "storyboard-01Tests";
			productReference = 7E8E0E941AA74A06007D492B /* storyboard-01Tests.xctest */;
			productType = "com.apple.product-type.bundle.unit-test";
		};
/* End PBXNativeTarget section */

/* Begin PBXProject section */
		7E8E0E731AA74A06007D492B /* Project object */ = {
			isa = PBXProject;
			attributes = {
				LastUpgradeCheck = 0610;
				ORGANIZATIONNAME = "Lance Lan";
				TargetAttributes = {
					7E8E0E7A1AA74A06007D492B = {
						CreatedOnToolsVersion = 6.1;
					};
					7E8E0E931AA74A06007D492B = {
						CreatedOnToolsVersion = 6.1;
						TestTargetID = 7E8E0E7A1AA74A06007D492B;
					};
				};
			};
			buildConfigurationList = 7E8E0E761AA74A06007D492B /* Build configuration list for PBXProject "storyboard-01" */;
			compatibilityVersion = "Xcode 3.2";
			developmentRegion = English;
			hasScannedForEncodings = 0;
			knownRegions = (
				en,
				Base,
			);
			mainGroup = 7E8E0E721AA74A06007D492B;
			productRefGroup = 7E8E0E7C1AA74A06007D492B /* Products */;
			projectDirPath = "";
			projectRoot = "";
			targets = (
				7E8E0E7A1AA74A06007D492B /* storyboard-01 */,
				7E8E0E931AA74A06007D492B /* storyboard-01Tests */,
			);
		};
/* End PBXProject section */

/* Begin PBXResourcesBuildPhase section */
		7E8E0E791AA74A06007D492B /* Resources */ = {
			isa = PBXResourcesBuildPhase;
			buildActionMask = 2147483647;
			files = (
				A37496B31ACBEDED00BDA6AA /* share.html in Resources */,
				7E8E0E8A1AA74A06007D492B /* Main.storyboard in Resources */,
				A37496B71ACBF78F00BDA6AA /* style.css in Resources */,
				A336AF581AC93ED5002C08D0 /* podfile in Resources */,
				7E8E0E8F1AA74A06007D492B /* LaunchScreen.xib in Resources */,
				A37496B51ACBF59A00BDA6AA /* _config.yml in Resources */,
				7E8E0E8C1AA74A06007D492B /* Images.xcassets in Resources */,
				A30DFFA21ACCF5BA00A44231 /* disqus.html in Resources */,
			);
			runOnlyForDeploymentPostprocessing = 0;
		};
		7E8E0E921AA74A06007D492B /* Resources */ = {
			isa = PBXResourcesBuildPhase;
			buildActionMask = 2147483647;
			files = (
			);
			runOnlyForDeploymentPostprocessing = 0;
		};
/* End PBXResourcesBuildPhase section */

/* Begin PBXSourcesBuildPhase section */
		7E8E0E771AA74A06007D492B /* Sources */ = {
			isa = PBXSourcesBuildPhase;
			buildActionMask = 2147483647;
			files = (
				A30DFFD51ACD123D00A44231 /* HitTestViewController.m in Sources */,
				A30DFFD41ACD123D00A44231 /* HitTestView.m in Sources */,
				A30DFFD91ACD123D00A44231 /* RoundButton.m in Sources */,
				7E8E0E841AA74A06007D492B /* AppDelegate.m in Sources */,
				A30DFFDE1ACD123D00A44231 /* UIViewController+Logging.m in Sources */,
				A30DFFD01ACD123D00A44231 /* CustomHitTestView.m in Sources */,
				A30DFFDD1ACD123D00A44231 /* TestHitView.m in Sources */,
				A30DFFD11ACD123D00A44231 /* DPDynamicProxy.m in Sources */,
				A30DFFDF1ACD123D00A44231 /* ViewController.m in Sources */,
				A30DFFD81ACD123D00A44231 /* PopTableViewController.m in Sources */,
				A30DFFD71ACD123D00A44231 /* NSArray+ForwardingIteration.m in Sources */,
				7E8E0E811AA74A06007D492B /* main.m in Sources */,
				A30DFFE51ACD175200A44231 /* LLFileDownLoader.m in Sources */,
				A30DFFEB1ACD1B1900A44231 /* LLMultiDownloader.m in Sources */,
				A30DFFCF1ACD123D00A44231 /* CustomCell.m in Sources */,
				A30DFFDA1ACD123D00A44231 /* SecondViewController.m in Sources */,
				A30DFFE21ACD124C00A44231 /* DownLoadViewController.m in Sources */,
				A30DFFD61ACD123D00A44231 /* MessageInterceptor.m in Sources */,
				A30DFFDC1ACD123D00A44231 /* TabBarViewController.m in Sources */,
				A30DFFE81ACD17F400A44231 /* LLFileSingleDownloader.m in Sources */,
				A30DFFDB1ACD123D00A44231 /* TabBarController.m in Sources */,
				A30DFFD21ACD123D00A44231 /* DPNormalObject.m in Sources */,
				A30DFFD31ACD123D00A44231 /* EmptyViewAction.m in Sources */,
			);
			runOnlyForDeploymentPostprocessing = 0;
		};
		7E8E0E901AA74A06007D492B /* Sources */ = {
			isa = PBXSourcesBuildPhase;
			buildActionMask = 2147483647;
			files = (
				7E8E0E9B1AA74A06007D492B /* storyboard_01Tests.m in Sources */,
			);
			runOnlyForDeploymentPostprocessing = 0;
		};
/* End PBXSourcesBuildPhase section */

/* Begin PBXTargetDependency section */
		7E8E0E961AA74A06007D492B /* PBXTargetDependency */ = {
			isa = PBXTargetDependency;
			target = 7E8E0E7A1AA74A06007D492B /* storyboard-01 */;
			targetProxy = 7E8E0E951AA74A06007D492B /* PBXContainerItemProxy */;
		};
/* End PBXTargetDependency section */

/* Begin PBXVariantGroup section */
		7E8E0E881AA74A06007D492B /* Main.storyboard */ = {
			isa = PBXVariantGroup;
			children = (
				7E8E0E891AA74A06007D492B /* Base */,
			);
			name = Main.storyboard;
			sourceTree = "<group>";
		};
		7E8E0E8D1AA74A06007D492B /* LaunchScreen.xib */ = {
			isa = PBXVariantGroup;
			children = (
				7E8E0E8E1AA74A06007D492B /* Base */,
			);
			name = LaunchScreen.xib;
			sourceTree = "<group>";
		};
/* End PBXVariantGroup section */

/* Begin XCBuildConfiguration section */
		7E8E0E9C1AA74A06007D492B /* Debug */ = {
			isa = XCBuildConfiguration;
			buildSettings = {
				ALWAYS_SEARCH_USER_PATHS = NO;
				CLANG_CXX_LANGUAGE_STANDARD = "gnu++0x";
				CLANG_CXX_LIBRARY = "libc++";
				CLANG_ENABLE_MODULES = YES;
				CLANG_ENABLE_OBJC_ARC = YES;
				CLANG_WARN_BOOL_CONVERSION = YES;
				CLANG_WARN_CONSTANT_CONVERSION = YES;
				CLANG_WARN_DIRECT_OBJC_ISA_USAGE = YES_ERROR;
				CLANG_WARN_EMPTY_BODY = YES;
				CLANG_WARN_ENUM_CONVERSION = YES;
				CLANG_WARN_INT_CONVERSION = YES;
				CLANG_WARN_OBJC_ROOT_CLASS = YES_ERROR;
				CLANG_WARN_UNREACHABLE_CODE = YES;
				CLANG_WARN__DUPLICATE_METHOD_MATCH = YES;
				"CODE_SIGN_IDENTITY[sdk=iphoneos*]" = "iPhone Developer";
				COPY_PHASE_STRIP = NO;
				ENABLE_STRICT_OBJC_MSGSEND = YES;
				GCC_C_LANGUAGE_STANDARD = gnu99;
				GCC_DYNAMIC_NO_PIC = NO;
				GCC_OPTIMIZATION_LEVEL = 0;
				GCC_PREPROCESSOR_DEFINITIONS = (
					"DEBUG=1",
					"$(inherited)",
				);
				GCC_SYMBOLS_PRIVATE_EXTERN = NO;
				GCC_WARN_64_TO_32_BIT_CONVERSION = YES;
				GCC_WARN_ABOUT_RETURN_TYPE = YES_ERROR;
				GCC_WARN_UNDECLARED_SELECTOR = YES;
				GCC_WARN_UNINITIALIZED_AUTOS = YES_AGGRESSIVE;
				GCC_WARN_UNUSED_FUNCTION = YES;
				GCC_WARN_UNUSED_VARIABLE = YES;
				IPHONEOS_DEPLOYMENT_TARGET = 8.1;
				MTL_ENABLE_DEBUG_INFO = YES;
				ONLY_ACTIVE_ARCH = YES;
				SDKROOT = iphoneos;
			};
			name = Debug;
		};
		7E8E0E9D1AA74A06007D492B /* Release */ = {
			isa = XCBuildConfiguration;
			buildSettings = {
				ALWAYS_SEARCH_USER_PATHS = NO;
				CLANG_CXX_LANGUAGE_STANDARD = "gnu++0x";
				CLANG_CXX_LIBRARY = "libc++";
				CLANG_ENABLE_MODULES = YES;
				CLANG_ENABLE_OBJC_ARC = YES;
				CLANG_WARN_BOOL_CONVERSION = YES;
				CLANG_WARN_CONSTANT_CONVERSION = YES;
				CLANG_WARN_DIRECT_OBJC_ISA_USAGE = YES_ERROR;
				CLANG_WARN_EMPTY_BODY = YES;
				CLANG_WARN_ENUM_CONVERSION = YES;
				CLANG_WARN_INT_CONVERSION = YES;
				CLANG_WARN_OBJC_ROOT_CLASS = YES_ERROR;
				CLANG_WARN_UNREACHABLE_CODE = YES;
				CLANG_WARN__DUPLICATE_METHOD_MATCH = YES;
				"CODE_SIGN_IDENTITY[sdk=iphoneos*]" = "iPhone Developer";
				COPY_PHASE_STRIP = YES;
				ENABLE_NS_ASSERTIONS = NO;
				ENABLE_STRICT_OBJC_MSGSEND = YES;
				GCC_C_LANGUAGE_STANDARD = gnu99;
				GCC_WARN_64_TO_32_BIT_CONVERSION = YES;
				GCC_WARN_ABOUT_RETURN_TYPE = YES_ERROR;
				GCC_WARN_UNDECLARED_SELECTOR = YES;
				GCC_WARN_UNINITIALIZED_AUTOS = YES_AGGRESSIVE;
				GCC_WARN_UNUSED_FUNCTION = YES;
				GCC_WARN_UNUSED_VARIABLE = YES;
				IPHONEOS_DEPLOYMENT_TARGET = 8.1;
				MTL_ENABLE_DEBUG_INFO = NO;
				SDKROOT = iphoneos;
				VALIDATE_PRODUCT = YES;
			};
			name = Release;
		};
		7E8E0E9F1AA74A06007D492B /* Debug */ = {
			isa = XCBuildConfiguration;
			buildSettings = {
				ASSETCATALOG_COMPILER_APPICON_NAME = AppIcon;
				CODE_SIGN_IDENTITY = "iPhone Developer: Gang Xu (K2Y2HG4624)";
				"CODE_SIGN_IDENTITY[sdk=iphoneos*]" = "iPhone Developer: Gang Xu (K2Y2HG4624)";
				GCC_PRECOMPILE_PREFIX_HEADER = YES;
				GCC_PREFIX_HEADER = "storyboard-01/PrefixHeader.pch";
				INFOPLIST_FILE = "storyboard-01/Info.plist";
				IPHONEOS_DEPLOYMENT_TARGET = 7.1;
				LD_RUNPATH_SEARCH_PATHS = "$(inherited) @executable_path/Frameworks";
				PRODUCT_NAME = "$(TARGET_NAME)";
				PROVISIONING_PROFILE = "00577574-17e1-4a62-a78c-8e146ee8242a";
			};
			name = Debug;
		};
		7E8E0EA01AA74A06007D492B /* Release */ = {
			isa = XCBuildConfiguration;
			buildSettings = {
				ASSETCATALOG_COMPILER_APPICON_NAME = AppIcon;
				CODE_SIGN_IDENTITY = "iPhone Distribution: Beyondsoft Corporation";
				"CODE_SIGN_IDENTITY[sdk=iphoneos*]" = "iPhone Distribution: Beyondsoft Corporation";
				GCC_PRECOMPILE_PREFIX_HEADER = YES;
				GCC_PREFIX_HEADER = "storyboard-01/PrefixHeader.pch";
				INFOPLIST_FILE = "storyboard-01/Info.plist";
				IPHONEOS_DEPLOYMENT_TARGET = 7.1;
				LD_RUNPATH_SEARCH_PATHS = "$(inherited) @executable_path/Frameworks";
				PRODUCT_NAME = "$(TARGET_NAME)";
				PROVISIONING_PROFILE = "1f6da23a-c243-4734-baef-157b6709e905";
			};
			name = Release;
		};
		7E8E0EA21AA74A06007D492B /* Debug */ = {
			isa = XCBuildConfiguration;
			buildSettings = {
				BUNDLE_LOADER = "$(TEST_HOST)";
				FRAMEWORK_SEARCH_PATHS = (
					"$(SDKROOT)/Developer/Library/Frameworks",
					"$(inherited)",
				);
				GCC_PREPROCESSOR_DEFINITIONS = (
					"DEBUG=1",
					"$(inherited)",
				);
				INFOPLIST_FILE = "storyboard-01Tests/Info.plist";
				LD_RUNPATH_SEARCH_PATHS = "$(inherited) @executable_path/Frameworks @loader_path/Frameworks";
				PRODUCT_NAME = "$(TARGET_NAME)";
				TEST_HOST = "$(BUILT_PRODUCTS_DIR)/storyboard-01.app/storyboard-01";
			};
			name = Debug;
		};
		7E8E0EA31AA74A06007D492B /* Release */ = {
			isa = XCBuildConfiguration;
			buildSettings = {
				BUNDLE_LOADER = "$(TEST_HOST)";
				FRAMEWORK_SEARCH_PATHS = (
					"$(SDKROOT)/Developer/Library/Frameworks",
					"$(inherited)",
				);
				INFOPLIST_FILE = "storyboard-01Tests/Info.plist";
				LD_RUNPATH_SEARCH_PATHS = "$(inherited) @executable_path/Frameworks @loader_path/Frameworks";
				PRODUCT_NAME = "$(TARGET_NAME)";
				TEST_HOST = "$(BUILT_PRODUCTS_DIR)/storyboard-01.app/storyboard-01";
			};
			name = Release;
		};
/* End XCBuildConfiguration section */

/* Begin XCConfigurationList section */
		7E8E0E761AA74A06007D492B /* Build configuration list for PBXProject "storyboard-01" */ = {
			isa = XCConfigurationList;
			buildConfigurations = (
				7E8E0E9C1AA74A06007D492B /* Debug */,
				7E8E0E9D1AA74A06007D492B /* Release */,
			);
			defaultConfigurationIsVisible = 0;
			defaultConfigurationName = Release;
		};
		7E8E0E9E1AA74A06007D492B /* Build configuration list for PBXNativeTarget "storyboard-01" */ = {
			isa = XCConfigurationList;
			buildConfigurations = (
				7E8E0E9F1AA74A06007D492B /* Debug */,
				7E8E0EA01AA74A06007D492B /* Release */,
			);
			defaultConfigurationIsVisible = 0;
			defaultConfigurationName = Release;
		};
		7E8E0EA11AA74A06007D492B /* Build configuration list for PBXNativeTarget "storyboard-01Tests" */ = {
			isa = XCConfigurationList;
			buildConfigurations = (
				7E8E0EA21AA74A06007D492B /* Debug */,
				7E8E0EA31AA74A06007D492B /* Release */,
			);
			defaultConfigurationIsVisible = 0;
			defaultConfigurationName = Release;
		};
/* End XCConfigurationList section */
	};
	rootObject = 7E8E0E731AA74A06007D492B /* Project object */;
}
